{
  "requires": true,
  "lockfileVersion": 1,
  "dependencies": {
    "vazir-font": {
      "version": "18.0.1",
      "resolved": "https://registry.npmjs.org/vazir-font/-/vazir-font-18.0.1.tgz",
      "integrity": "sha512-r3rrJzrIQ9cV2SNG/kDYqfCXOa39sWR7ogzhJtK7wMNqst3PNNOPY/hLiib6FvvbhNxOeTo37Qz3qUVDMf+sEg=="
    }
  }
}
